// !$*UTF8*$!
{
	archiveVersion = 1;
	classes = {
	};
	objectVersion = 77;
	objects = {

/* Begin PBXBuildFile section */
		1973B1802CCF3A2B00BBAA56 /* ColorPickerWheel.swift in Sources */ = {isa = PBXBuildFile; fileRef = 1973B17F2CCF3A2B00BBAA56 /* ColorPickerWheel.swift */; };
		1973B1822CCF42B600BBAA56 /* SaturationSlider.swift in Sources */ = {isa = PBXBuildFile; fileRef = 1973B1812CCF42AD00BBAA56 /* SaturationSlider.swift */; };
		B7AF93262CC565500067F8F4 /* RealityKitContent in Frameworks */ = {isa = PBXBuildFile; productRef = B7AF93252CC565500067F8F4 /* RealityKitContent */; };
		B7AF933E2CC5657D0067F8F4 /* CognitiveBenchmarkingVisionApp.swift in Sources */ = {isa = PBXBuildFile; fileRef = B7AF933A2CC5657D0067F8F4 /* CognitiveBenchmarkingVisionApp.swift */; };
		B7AF93402CC5657D0067F8F4 /* Preview Assets.xcassets in Resources */ = {isa = PBXBuildFile; fileRef = B7AF93372CC5657D0067F8F4 /* Preview Assets.xcassets */; };
		B7AF93412CC5657D0067F8F4 /* Assets.xcassets in Resources */ = {isa = PBXBuildFile; fileRef = B7AF93392CC5657D0067F8F4 /* Assets.xcassets */; };
		B7AF93482CC565830067F8F4 /* Codable+Extensions.swift in Sources */ = {isa = PBXBuildFile; fileRef = B7AF93432CC565830067F8F4 /* Codable+Extensions.swift */; };
		B7AF93492CC565830067F8F4 /* HomeView.swift in Sources */ = {isa = PBXBuildFile; fileRef = B7AF93472CC565830067F8F4 /* HomeView.swift */; };
		B7AF934A2CC565830067F8F4 /* Color+Extensions.swift in Sources */ = {isa = PBXBuildFile; fileRef = B7AF93442CC565830067F8F4 /* Color+Extensions.swift */; };
		B7AF934B2CC565830067F8F4 /* CognitiveBenchmarkingModule.swift in Sources */ = {isa = PBXBuildFile; fileRef = B7AF93462CC565830067F8F4 /* CognitiveBenchmarkingModule.swift */; };
		B7AF934C2CC565830067F8F4 /* MultipeerSession.swift in Sources */ = {isa = PBXBuildFile; fileRef = B7AF93452CC565830067F8F4 /* MultipeerSession.swift */; };
		B7AF93512CC565B20067F8F4 /* PassthroughNonVRMode.swift in Sources */ = {isa = PBXBuildFile; fileRef = B7AF93502CC565B20067F8F4 /* PassthroughNonVRMode.swift */; };
		B7AF93522CC565B20067F8F4 /* PassthroughModuleState.swift in Sources */ = {isa = PBXBuildFile; fileRef = B7AF934D2CC565B20067F8F4 /* PassthroughModuleState.swift */; };
		B7AF93532CC565B20067F8F4 /* PassthroughVRMode.swift in Sources */ = {isa = PBXBuildFile; fileRef = B7AF934F2CC565B20067F8F4 /* PassthroughVRMode.swift */; };
		B7AF93542CC565B20067F8F4 /* PassthroughLoginView.swift in Sources */ = {isa = PBXBuildFile; fileRef = B7AF934E2CC565B20067F8F4 /* PassthroughLoginView.swift */; };
/* End PBXBuildFile section */

/* Begin PBXFileReference section */
		1973B17F2CCF3A2B00BBAA56 /* ColorPickerWheel.swift */ = {isa = PBXFileReference; lastKnownFileType = sourcecode.swift; path = ColorPickerWheel.swift; sourceTree = "<group>"; };
		1973B1812CCF42AD00BBAA56 /* SaturationSlider.swift */ = {isa = PBXFileReference; lastKnownFileType = sourcecode.swift; path = SaturationSlider.swift; sourceTree = "<group>"; };
		B7AF93202CC565500067F8F4 /* CognitiveBenchmarkingVision.app */ = {isa = PBXFileReference; explicitFileType = wrapper.application; includeInIndex = 0; path = CognitiveBenchmarkingVision.app; sourceTree = BUILT_PRODUCTS_DIR; };
		B7AF93242CC565500067F8F4 /* RealityKitContent */ = {isa = PBXFileReference; lastKnownFileType = wrapper; path = RealityKitContent; sourceTree = "<group>"; };
		B7AF93372CC5657D0067F8F4 /* Preview Assets.xcassets */ = {isa = PBXFileReference; lastKnownFileType = folder.assetcatalog; path = "Preview Assets.xcassets"; sourceTree = "<group>"; };
		B7AF93392CC5657D0067F8F4 /* Assets.xcassets */ = {isa = PBXFileReference; lastKnownFileType = folder.assetcatalog; path = Assets.xcassets; sourceTree = "<group>"; };
		B7AF933A2CC5657D0067F8F4 /* CognitiveBenchmarkingVisionApp.swift */ = {isa = PBXFileReference; lastKnownFileType = sourcecode.swift; path = CognitiveBenchmarkingVisionApp.swift; sourceTree = "<group>"; };
		B7AF933C2CC5657D0067F8F4 /* Info.plist */ = {isa = PBXFileReference; lastKnownFileType = text.plist.xml; path = Info.plist; sourceTree = "<group>"; };
		B7AF93432CC565830067F8F4 /* Codable+Extensions.swift */ = {isa = PBXFileReference; lastKnownFileType = sourcecode.swift; path = "Codable+Extensions.swift"; sourceTree = "<group>"; };
		B7AF93442CC565830067F8F4 /* Color+Extensions.swift */ = {isa = PBXFileReference; lastKnownFileType = sourcecode.swift; path = "Color+Extensions.swift"; sourceTree = "<group>"; };
		B7AF93452CC565830067F8F4 /* MultipeerSession.swift */ = {isa = PBXFileReference; lastKnownFileType = sourcecode.swift; path = MultipeerSession.swift; sourceTree = "<group>"; };
		B7AF93462CC565830067F8F4 /* CognitiveBenchmarkingModule.swift */ = {isa = PBXFileReference; lastKnownFileType = sourcecode.swift; path = CognitiveBenchmarkingModule.swift; sourceTree = "<group>"; };
		B7AF93472CC565830067F8F4 /* HomeView.swift */ = {isa = PBXFileReference; lastKnownFileType = sourcecode.swift; path = HomeView.swift; sourceTree = "<group>"; };
		B7AF934D2CC565B20067F8F4 /* PassthroughModuleState.swift */ = {isa = PBXFileReference; lastKnownFileType = sourcecode.swift; path = PassthroughModuleState.swift; sourceTree = "<group>"; };
		B7AF934E2CC565B20067F8F4 /* PassthroughLoginView.swift */ = {isa = PBXFileReference; lastKnownFileType = sourcecode.swift; path = PassthroughLoginView.swift; sourceTree = "<group>"; };
		B7AF934F2CC565B20067F8F4 /* PassthroughVRMode.swift */ = {isa = PBXFileReference; lastKnownFileType = sourcecode.swift; path = PassthroughVRMode.swift; sourceTree = "<group>"; };
		B7AF93502CC565B20067F8F4 /* PassthroughNonVRMode.swift */ = {isa = PBXFileReference; lastKnownFileType = sourcecode.swift; path = PassthroughNonVRMode.swift; sourceTree = "<group>"; };
/* End PBXFileReference section */

/* Begin PBXFrameworksBuildPhase section */
		B7AF931D2CC565500067F8F4 /* Frameworks */ = {
			isa = PBXFrameworksBuildPhase;
			buildActionMask = 2147483647;
			files = (
				B7AF93262CC565500067F8F4 /* RealityKitContent in Frameworks */,
			);
			runOnlyForDeploymentPostprocessing = 0;
		};
/* End PBXFrameworksBuildPhase section */

/* Begin PBXGroup section */
		B7AF93172CC565500067F8F4 = {
			isa = PBXGroup;
			children = (
				B7AF933D2CC5657D0067F8F4 /* CognitiveBenchmarkingVision */,
				B7AF93232CC565500067F8F4 /* Packages */,
				B7AF93212CC565500067F8F4 /* Products */,
			);
			sourceTree = "<group>";
		};
		B7AF93212CC565500067F8F4 /* Products */ = {
			isa = PBXGroup;
			children = (
				B7AF93202CC565500067F8F4 /* CognitiveBenchmarkingVision.app */,
			);
			name = Products;
			sourceTree = "<group>";
		};
		B7AF93232CC565500067F8F4 /* Packages */ = {
			isa = PBXGroup;
			children = (
				B7AF93242CC565500067F8F4 /* RealityKitContent */,
			);
			path = Packages;
			sourceTree = "<group>";
		};
		B7AF93382CC5657D0067F8F4 /* Preview Content */ = {
			isa = PBXGroup;
			children = (
				B7AF93372CC5657D0067F8F4 /* Preview Assets.xcassets */,
			);
			path = "Preview Content";
			sourceTree = "<group>";
		};
		B7AF933D2CC5657D0067F8F4 /* CognitiveBenchmarkingVision */ = {
			isa = PBXGroup;
			children = (
				B7AF93432CC565830067F8F4 /* Codable+Extensions.swift */,
				B7AF93442CC565830067F8F4 /* Color+Extensions.swift */,
				B7AF93452CC565830067F8F4 /* MultipeerSession.swift */,
				B7AF93462CC565830067F8F4 /* CognitiveBenchmarkingModule.swift */,
				B7AF93472CC565830067F8F4 /* HomeView.swift */,
				1973B17F2CCF3A2B00BBAA56 /* ColorPickerWheel.swift */,
				1973B1812CCF42AD00BBAA56 /* SaturationSlider.swift */,
				B7AF93552CC565B80067F8F4 /* Passthrough */,
				B7AF93382CC5657D0067F8F4 /* Preview Content */,
				B7AF93392CC5657D0067F8F4 /* Assets.xcassets */,
				B7AF933A2CC5657D0067F8F4 /* CognitiveBenchmarkingVisionApp.swift */,
				B7AF933C2CC5657D0067F8F4 /* Info.plist */,
			);
			path = CognitiveBenchmarkingVision;
			sourceTree = "<group>";
		};
		B7AF93552CC565B80067F8F4 /* Passthrough */ = {
			isa = PBXGroup;
			children = (
				B7AF934D2CC565B20067F8F4 /* PassthroughModuleState.swift */,
				B7AF934E2CC565B20067F8F4 /* PassthroughLoginView.swift */,
				B7AF934F2CC565B20067F8F4 /* PassthroughVRMode.swift */,
				B7AF93502CC565B20067F8F4 /* PassthroughNonVRMode.swift */,
			);
			path = Passthrough;
			sourceTree = "<group>";
		};
/* End PBXGroup section */

/* Begin PBXNativeTarget section */
		B7AF931F2CC565500067F8F4 /* CognitiveBenchmarkingVision */ = {
			isa = PBXNativeTarget;
			buildConfigurationList = B7AF93322CC565500067F8F4 /* Build configuration list for PBXNativeTarget "CognitiveBenchmarkingVision" */;
			buildPhases = (
				B7AF931C2CC565500067F8F4 /* Sources */,
				B7AF931D2CC565500067F8F4 /* Frameworks */,
				B7AF931E2CC565500067F8F4 /* Resources */,
			);
			buildRules = (
			);
			dependencies = (
			);
			name = CognitiveBenchmarkingVision;
			packageProductDependencies = (
				B7AF93252CC565500067F8F4 /* RealityKitContent */,
			);
			productName = CognitiveBenchmarkingVision;
			productReference = B7AF93202CC565500067F8F4 /* CognitiveBenchmarkingVision.app */;
			productType = "com.apple.product-type.application";
		};
/* End PBXNativeTarget section */

/* Begin PBXProject section */
		B7AF93182CC565500067F8F4 /* Project object */ = {
			isa = PBXProject;
			attributes = {
				BuildIndependentTargetsInParallel = 1;
				LastSwiftUpdateCheck = 1610;
				LastUpgradeCheck = 1610;
				TargetAttributes = {
					B7AF931F2CC565500067F8F4 = {
						CreatedOnToolsVersion = 16.1;
					};
				};
			};
			buildConfigurationList = B7AF931B2CC565500067F8F4 /* Build configuration list for PBXProject "CognitiveBenchmarkingVision" */;
			developmentRegion = en;
			hasScannedForEncodings = 0;
			knownRegions = (
				en,
				Base,
			);
			mainGroup = B7AF93172CC565500067F8F4;
			minimizedProjectReferenceProxies = 1;
			preferredProjectObjectVersion = 77;
			productRefGroup = B7AF93212CC565500067F8F4 /* Products */;
			projectDirPath = "";
			projectRoot = "";
			targets = (
				B7AF931F2CC565500067F8F4 /* CognitiveBenchmarkingVision */,
			);
		};
/* End PBXProject section */

/* Begin PBXResourcesBuildPhase section */
		B7AF931E2CC565500067F8F4 /* Resources */ = {
			isa = PBXResourcesBuildPhase;
			buildActionMask = 2147483647;
			files = (
				B7AF93402CC5657D0067F8F4 /* Preview Assets.xcassets in Resources */,
				B7AF93412CC5657D0067F8F4 /* Assets.xcassets in Resources */,
			);
			runOnlyForDeploymentPostprocessing = 0;
		};
/* End PBXResourcesBuildPhase section */

/* Begin PBXSourcesBuildPhase section */
		B7AF931C2CC565500067F8F4 /* Sources */ = {
			isa = PBXSourcesBuildPhase;
			buildActionMask = 2147483647;
			files = (
				B7AF933E2CC5657D0067F8F4 /* CognitiveBenchmarkingVisionApp.swift in Sources */,
				1973B1802CCF3A2B00BBAA56 /* ColorPickerWheel.swift in Sources */,
				B7AF93482CC565830067F8F4 /* Codable+Extensions.swift in Sources */,
				B7AF93492CC565830067F8F4 /* HomeView.swift in Sources */,
				B7AF934A2CC565830067F8F4 /* Color+Extensions.swift in Sources */,
				B7AF934B2CC565830067F8F4 /* CognitiveBenchmarkingModule.swift in Sources */,
				1973B1822CCF42B600BBAA56 /* SaturationSlider.swift in Sources */,
				B7AF934C2CC565830067F8F4 /* MultipeerSession.swift in Sources */,
				B7AF93512CC565B20067F8F4 /* PassthroughNonVRMode.swift in Sources */,
				B7AF93522CC565B20067F8F4 /* PassthroughModuleState.swift in Sources */,
				B7AF93532CC565B20067F8F4 /* PassthroughVRMode.swift in Sources */,
				B7AF93542CC565B20067F8F4 /* PassthroughLoginView.swift in Sources */,
			);
			runOnlyForDeploymentPostprocessing = 0;
		};
/* End PBXSourcesBuildPhase section */

/* Begin XCBuildConfiguration section */
		B7AF93332CC565500067F8F4 /* Debug */ = {
			isa = XCBuildConfiguration;
			buildSettings = {
				ASSETCATALOG_COMPILER_APPICON_NAME = AppIcon;
				ASSETCATALOG_COMPILER_GLOBAL_ACCENT_COLOR_NAME = AccentColor;
				CODE_SIGN_STYLE = Automatic;
				CURRENT_PROJECT_VERSION = 1;
				DEVELOPMENT_ASSET_PATHS = "\"CognitiveBenchmarkingVision/Preview Content\"";
				DEVELOPMENT_TEAM = C568L4ZQKS;
				ENABLE_PREVIEWS = YES;
				GENERATE_INFOPLIST_FILE = YES;
				INFOPLIST_FILE = "$(TARGET_NAME)/Info.plist";
				INFOPLIST_KEY_NSLocalNetworkUsageDescription = "Requires access.";
				LD_RUNPATH_SEARCH_PATHS = (
					"$(inherited)",
					"@executable_path/Frameworks",
				);
				MACOSX_DEPLOYMENT_TARGET = 15.0;
				MARKETING_VERSION = 1.0;
				PRODUCT_BUNDLE_IDENTIFIER = com.rahulon.CognitiveBenchmarkingVision;
				PRODUCT_NAME = "$(TARGET_NAME)";
				REGISTER_APP_GROUPS = NO;
				SUPPORTED_PLATFORMS = "macosx xros xrsimulator";
				SUPPORTS_MACCATALYST = NO;
				SWIFT_EMIT_LOC_STRINGS = YES;
				SWIFT_VERSION = 5.0;
				TARGETED_DEVICE_FAMILY = 7;
			};
			name = Debug;
		};
		B7AF93342CC565500067F8F4 /* Release */ = {
			isa = XCBuildConfiguration;
			buildSettings = {
				ASSETCATALOG_COMPILER_APPICON_NAME = AppIcon;
				ASSETCATALOG_COMPILER_GLOBAL_ACCENT_COLOR_NAME = AccentColor;
				CODE_SIGN_STYLE = Automatic;
				CURRENT_PROJECT_VERSION = 1;
				DEVELOPMENT_ASSET_PATHS = "\"CognitiveBenchmarkingVision/Preview Content\"";
				DEVELOPMENT_TEAM = C568L4ZQKS;
				ENABLE_PREVIEWS = YES;
				GENERATE_INFOPLIST_FILE = YES;
				INFOPLIST_FILE = "$(TARGET_NAME)/Info.plist";
				INFOPLIST_KEY_NSLocalNetworkUsageDescription = "Requires access.";
				LD_RUNPATH_SEARCH_PATHS = (
					"$(inherited)",
					"@executable_path/Frameworks",
				);
				MACOSX_DEPLOYMENT_TARGET = 15.0;
				MARKETING_VERSION = 1.0;
				PRODUCT_BUNDLE_IDENTIFIER = com.rahulon.CognitiveBenchmarkingVision;
				PRODUCT_NAME = "$(TARGET_NAME)";
				REGISTER_APP_GROUPS = NO;
				SUPPORTED_PLATFORMS = "macosx xros xrsimulator";
				SUPPORTS_MACCATALYST = NO;
				SWIFT_EMIT_LOC_STRINGS = YES;
				SWIFT_VERSION = 5.0;
				TARGETED_DEVICE_FAMILY = 7;
			};
			name = Release;
		};
		B7AF93352CC565500067F8F4 /* Debug */ = {
			isa = XCBuildConfiguration;
			buildSettings = {
				ALWAYS_SEARCH_USER_PATHS = NO;
				ASSETCATALOG_COMPILER_GENERATE_SWIFT_ASSET_SYMBOL_EXTENSIONS = YES;
				CLANG_ANALYZER_NONNULL = YES;
				CLANG_ANALYZER_NUMBER_OBJECT_CONVERSION = YES_AGGRESSIVE;
				CLANG_CXX_LANGUAGE_STANDARD = "gnu++20";
				CLANG_ENABLE_MODULES = YES;
				CLANG_ENABLE_OBJC_ARC = YES;
				CLANG_ENABLE_OBJC_WEAK = YES;
				CLANG_WARN_BLOCK_CAPTURE_AUTORELEASING = YES;
				CLANG_WARN_BOOL_CONVERSION = YES;
				CLANG_WARN_COMMA = YES;
				CLANG_WARN_CONSTANT_CONVERSION = YES;
				CLANG_WARN_DEPRECATED_OBJC_IMPLEMENTATIONS = YES;
				CLANG_WARN_DIRECT_OBJC_ISA_USAGE = YES_ERROR;
				CLANG_WARN_DOCUMENTATION_COMMENTS = YES;
				CLANG_WARN_EMPTY_BODY = YES;
				CLANG_WARN_ENUM_CONVERSION = YES;
				CLANG_WARN_INFINITE_RECURSION = YES;
				CLANG_WARN_INT_CONVERSION = YES;
				CLANG_WARN_NON_LITERAL_NULL_CONVERSION = YES;
				CLANG_WARN_OBJC_IMPLICIT_RETAIN_SELF = YES;
				CLANG_WARN_OBJC_LITERAL_CONVERSION = YES;
				CLANG_WARN_OBJC_ROOT_CLASS = YES_ERROR;
				CLANG_WARN_QUOTED_INCLUDE_IN_FRAMEWORK_HEADER = YES;
				CLANG_WARN_RANGE_LOOP_ANALYSIS = YES;
				CLANG_WARN_STRICT_PROTOTYPES = YES;
				CLANG_WARN_SUSPICIOUS_MOVE = YES;
				CLANG_WARN_UNGUARDED_AVAILABILITY = YES_AGGRESSIVE;
				CLANG_WARN_UNREACHABLE_CODE = YES;
				CLANG_WARN__DUPLICATE_METHOD_MATCH = YES;
				COPY_PHASE_STRIP = NO;
				DEBUG_INFORMATION_FORMAT = dwarf;
				ENABLE_STRICT_OBJC_MSGSEND = YES;
				ENABLE_TESTABILITY = YES;
				ENABLE_USER_SCRIPT_SANDBOXING = YES;
				GCC_C_LANGUAGE_STANDARD = gnu17;
				GCC_DYNAMIC_NO_PIC = NO;
				GCC_NO_COMMON_BLOCKS = YES;
				GCC_OPTIMIZATION_LEVEL = 0;
				GCC_PREPROCESSOR_DEFINITIONS = (
					"DEBUG=1",
					"$(inherited)",
				);
				GCC_WARN_64_TO_32_BIT_CONVERSION = YES;
				GCC_WARN_ABOUT_RETURN_TYPE = YES_ERROR;
				GCC_WARN_UNDECLARED_SELECTOR = YES;
				GCC_WARN_UNINITIALIZED_AUTOS = YES_AGGRESSIVE;
				GCC_WARN_UNUSED_FUNCTION = YES;
				GCC_WARN_UNUSED_VARIABLE = YES;
				LOCALIZATION_PREFERS_STRING_CATALOGS = YES;
				MTL_ENABLE_DEBUG_INFO = INCLUDE_SOURCE;
				MTL_FAST_MATH = YES;
				ONLY_ACTIVE_ARCH = YES;
				SDKROOT = xros;
				SWIFT_ACTIVE_COMPILATION_CONDITIONS = "DEBUG $(inherited)";
				SWIFT_OPTIMIZATION_LEVEL = "-Onone";
				XROS_DEPLOYMENT_TARGET = 2.0;
			};
			name = Debug;
		};
		B7AF93362CC565500067F8F4 /* Release */ = {
			isa = XCBuildConfiguration;
			buildSettings = {
				ALWAYS_SEARCH_USER_PATHS = NO;
				ASSETCATALOG_COMPILER_GENERATE_SWIFT_ASSET_SYMBOL_EXTENSIONS = YES;
				CLANG_ANALYZER_NONNULL = YES;
				CLANG_ANALYZER_NUMBER_OBJECT_CONVERSION = YES_AGGRESSIVE;
				CLANG_CXX_LANGUAGE_STANDARD = "gnu++20";
				CLANG_ENABLE_MODULES = YES;
				CLANG_ENABLE_OBJC_ARC = YES;
				CLANG_ENABLE_OBJC_WEAK = YES;
				CLANG_WARN_BLOCK_CAPTURE_AUTORELEASING = YES;
				CLANG_WARN_BOOL_CONVERSION = YES;
				CLANG_WARN_COMMA = YES;
				CLANG_WARN_CONSTANT_CONVERSION = YES;
				CLANG_WARN_DEPRECATED_OBJC_IMPLEMENTATIONS = YES;
				CLANG_WARN_DIRECT_OBJC_ISA_USAGE = YES_ERROR;
				CLANG_WARN_DOCUMENTATION_COMMENTS = YES;
				CLANG_WARN_EMPTY_BODY = YES;
				CLANG_WARN_ENUM_CONVERSION = YES;
				CLANG_WARN_INFINITE_RECURSION = YES;
				CLANG_WARN_INT_CONVERSION = YES;
				CLANG_WARN_NON_LITERAL_NULL_CONVERSION = YES;
				CLANG_WARN_OBJC_IMPLICIT_RETAIN_SELF = YES;
				CLANG_WARN_OBJC_LITERAL_CONVERSION = YES;
				CLANG_WARN_OBJC_ROOT_CLASS = YES_ERROR;
				CLANG_WARN_QUOTED_INCLUDE_IN_FRAMEWORK_HEADER = YES;
				CLANG_WARN_RANGE_LOOP_ANALYSIS = YES;
				CLANG_WARN_STRICT_PROTOTYPES = YES;
				CLANG_WARN_SUSPICIOUS_MOVE = YES;
				CLANG_WARN_UNGUARDED_AVAILABILITY = YES_AGGRESSIVE;
				CLANG_WARN_UNREACHABLE_CODE = YES;
				CLANG_WARN__DUPLICATE_METHOD_MATCH = YES;
				COPY_PHASE_STRIP = NO;
				DEBUG_INFORMATION_FORMAT = "dwarf-with-dsym";
				ENABLE_NS_ASSERTIONS = NO;
				ENABLE_STRICT_OBJC_MSGSEND = YES;
				ENABLE_USER_SCRIPT_SANDBOXING = YES;
				GCC_C_LANGUAGE_STANDARD = gnu17;
				GCC_NO_COMMON_BLOCKS = YES;
				GCC_WARN_64_TO_32_BIT_CONVERSION = YES;
				GCC_WARN_ABOUT_RETURN_TYPE = YES_ERROR;
				GCC_WARN_UNDECLARED_SELECTOR = YES;
				GCC_WARN_UNINITIALIZED_AUTOS = YES_AGGRESSIVE;
				GCC_WARN_UNUSED_FUNCTION = YES;
				GCC_WARN_UNUSED_VARIABLE = YES;
				LOCALIZATION_PREFERS_STRING_CATALOGS = YES;
				MTL_ENABLE_DEBUG_INFO = NO;
				MTL_FAST_MATH = YES;
				SDKROOT = xros;
				SWIFT_COMPILATION_MODE = wholemodule;
				VALIDATE_PRODUCT = YES;
				XROS_DEPLOYMENT_TARGET = 2.0;
			};
			name = Release;
		};
/* End XCBuildConfiguration section */

/* Begin XCConfigurationList section */
		B7AF931B2CC565500067F8F4 /* Build configuration list for PBXProject "CognitiveBenchmarkingVision" */ = {
			isa = XCConfigurationList;
			buildConfigurations = (
				B7AF93352CC565500067F8F4 /* Debug */,
				B7AF93362CC565500067F8F4 /* Release */,
			);
			defaultConfigurationIsVisible = 0;
			defaultConfigurationName = Release;
		};
		B7AF93322CC565500067F8F4 /* Build configuration list for PBXNativeTarget "CognitiveBenchmarkingVision" */ = {
			isa = XCConfigurationList;
			buildConfigurations = (
				B7AF93332CC565500067F8F4 /* Debug */,
				B7AF93342CC565500067F8F4 /* Release */,
			);
			defaultConfigurationIsVisible = 0;
			defaultConfigurationName = Release;
		};
/* End XCConfigurationList section */

/* Begin XCSwiftPackageProductDependency section */
		B7AF93252CC565500067F8F4 /* RealityKitContent */ = {
			isa = XCSwiftPackageProductDependency;
			productName = RealityKitContent;
		};
/* End XCSwiftPackageProductDependency section */
	};
	rootObject = B7AF93182CC565500067F8F4 /* Project object */;
}
